
Microsoft Visual Studio Solution File, Format Version 12.00
# Visual Studio 15
VisualStudioVersion = 15.0.28307.489
MinimumVisualStudioVersion = 10.0.40219.1
Project("{9A19103F-16F7-4668-BE54-9A1E7A4F7556}") = "QA.DemoSite.Interfaces", "QA.DemoSite.Interfaces\QA.DemoSite.Interfaces.csproj", "{D0A403F5-4A33-4C66-8EF6-E66164679943}"
EndProject
Project("{9A19103F-16F7-4668-BE54-9A1E7A4F7556}") = "QA.DemoSite.Services", "QA.DemoSite.Services\QA.DemoSite.Services.csproj", "{FF621F4C-207C-47A2-9507-719BD3DF1AA7}"
EndProject
Project("{9A19103F-16F7-4668-BE54-9A1E7A4F7556}") = "QA.DemoSite.Templates", "QA.DemoSite.Templates\QA.DemoSite.Templates.csproj", "{255886C7-1915-4FC5-AF85-8BC455B96556}"
EndProject
Project("{9A19103F-16F7-4668-BE54-9A1E7A4F7556}") = "QA.DemoSite.ViewModels", "QA.DemoSite.ViewModels\QA.DemoSite.ViewModels.csproj", "{4C5CC0AE-F2B3-48E1-B905-E76D99BFBA17}"
EndProject
Project("{9A19103F-16F7-4668-BE54-9A1E7A4F7556}") = "QA.DemoSite", "QA.DemoSite\QA.DemoSite.csproj", "{FD1CD570-3157-480D-AA40-D7BAAAF0BBB2}"
EndProject
Project("{9A19103F-16F7-4668-BE54-9A1E7A4F7556}") = "QA.DemoSite.Mssql.DAL", "QA.DemoSite.DAL\QA.DemoSite.Mssql.DAL.csproj", "{AD60EB80-CED8-4AD1-BB90-16CD3D4D63C1}"
EndProject
Project("{9A19103F-16F7-4668-BE54-9A1E7A4F7556}") = "QA.DemoSite.Postgre.DAL", "QA.DemoSite.Postgre.DAL\QA.DemoSite.Postgre.DAL.csproj", "{91BFAB87-03AA-4FAF-8A65-1EB8BA4B946A}"
EndProject
Global
	GlobalSection(SolutionConfigurationPlatforms) = preSolution
		Debug|Any CPU = Debug|Any CPU
		Release|Any CPU = Release|Any CPU
	EndGlobalSection
	GlobalSection(ProjectConfigurationPlatforms) = postSolution
		{D0A403F5-4A33-4C66-8EF6-E66164679943}.Debug|Any CPU.ActiveCfg = Debug|Any CPU
		{D0A403F5-4A33-4C66-8EF6-E66164679943}.Debug|Any CPU.Build.0 = Debug|Any CPU
		{D0A403F5-4A33-4C66-8EF6-E66164679943}.Release|Any CPU.ActiveCfg = Release|Any CPU
		{D0A403F5-4A33-4C66-8EF6-E66164679943}.Release|Any CPU.Build.0 = Release|Any CPU
		{FF621F4C-207C-47A2-9507-719BD3DF1AA7}.Debug|Any CPU.ActiveCfg = Debug|Any CPU
		{FF621F4C-207C-47A2-9507-719BD3DF1AA7}.Debug|Any CPU.Build.0 = Debug|Any CPU
		{FF621F4C-207C-47A2-9507-719BD3DF1AA7}.Release|Any CPU.ActiveCfg = Release|Any CPU
		{FF621F4C-207C-47A2-9507-719BD3DF1AA7}.Release|Any CPU.Build.0 = Release|Any CPU
		{255886C7-1915-4FC5-AF85-8BC455B96556}.Debug|Any CPU.ActiveCfg = Debug|Any CPU
		{255886C7-1915-4FC5-AF85-8BC455B96556}.Debug|Any CPU.Build.0 = Debug|Any CPU
		{255886C7-1915-4FC5-AF85-8BC455B96556}.Release|Any CPU.ActiveCfg = Release|Any CPU
		{255886C7-1915-4FC5-AF85-8BC455B96556}.Release|Any CPU.Build.0 = Release|Any CPU
		{4C5CC0AE-F2B3-48E1-B905-E76D99BFBA17}.Debug|Any CPU.ActiveCfg = Debug|Any CPU
		{4C5CC0AE-F2B3-48E1-B905-E76D99BFBA17}.Debug|Any CPU.Build.0 = Debug|Any CPU
		{4C5CC0AE-F2B3-48E1-B905-E76D99BFBA17}.Release|Any CPU.ActiveCfg = Release|Any CPU
		{4C5CC0AE-F2B3-48E1-B905-E76D99BFBA17}.Release|Any CPU.Build.0 = Release|Any CPU
		{FD1CD570-3157-480D-AA40-D7BAAAF0BBB2}.Debug|Any CPU.ActiveCfg = Debug|Any CPU
		{FD1CD570-3157-480D-AA40-D7BAAAF0BBB2}.Debug|Any CPU.Build.0 = Debug|Any CPU
		{FD1CD570-3157-480D-AA40-D7BAAAF0BBB2}.Release|Any CPU.ActiveCfg = Release|Any CPU
		{FD1CD570-3157-480D-AA40-D7BAAAF0BBB2}.Release|Any CPU.Build.0 = Release|Any CPU
		{AD60EB80-CED8-4AD1-BB90-16CD3D4D63C1}.Debug|Any CPU.ActiveCfg = Debug|Any CPU
		{AD60EB80-CED8-4AD1-BB90-16CD3D4D63C1}.Debug|Any CPU.Build.0 = Debug|Any CPU
		{AD60EB80-CED8-4AD1-BB90-16CD3D4D63C1}.Release|Any CPU.ActiveCfg = Release|Any CPU
		{AD60EB80-CED8-4AD1-BB90-16CD3D4D63C1}.Release|Any CPU.Build.0 = Release|Any CPU
		{91BFAB87-03AA-4FAF-8A65-1EB8BA4B946A}.Debug|Any CPU.ActiveCfg = Debug|Any CPU
		{91BFAB87-03AA-4FAF-8A65-1EB8BA4B946A}.Debug|Any CPU.Build.0 = Debug|Any CPU
		{91BFAB87-03AA-4FAF-8A65-1EB8BA4B946A}.Release|Any CPU.ActiveCfg = Release|Any CPU
		{91BFAB87-03AA-4FAF-8A65-1EB8BA4B946A}.Release|Any CPU.Build.0 = Release|Any CPU
	EndGlobalSection
	GlobalSection(SolutionProperties) = preSolution
		HideSolutionNode = FALSE
	EndGlobalSection
	GlobalSection(ExtensibilityGlobals) = postSolution
		SolutionGuid = {99BD63F7-E290-4164-81FB-F11611AB1506}
	EndGlobalSection
EndGlobal
